
Microsoft Visual Studio Solution File, Format Version 12.00
# Visual Studio 15
Project("{FAE04EC0-301F-11D3-BF4B-00C04F79EFBC}") = "Assembly-CSharp", "Assembly-CSharp.csproj", "{6A8188E4-FED7-82E2-FA6B-75C57625567E}"
EndProject
Project("{FAE04EC0-301F-11D3-BF4B-00C04F79EFBC}") = "PlayFab", "PlayFab.csproj", "{338B5ED8-F54F-DC3D-1079-ABE3E200675F}"
EndProject
Project("{FAE04EC0-301F-11D3-BF4B-00C04F79EFBC}") = "PhotonUnityNetworking.Demos", "PhotonUnityNetworking.Demos.csproj", "{DBB0F74E-34D0-8CD6-48A6-C272F3AA3320}"
EndProject
Project("{FAE04EC0-301F-11D3-BF4B-00C04F79EFBC}") = "PhotonRealtime", "PhotonRealtime.csproj", "{BA9D6B2B-36E9-230E-EC89-2280DAA17434}"
EndProject
Project("{FAE04EC0-301F-11D3-BF4B-00C04F79EFBC}") = "PhotonUnityNetworking", "PhotonUnityNetworking.csproj", "{96F10F9C-FF50-FB3C-1ACA-904252937F0E}"
EndProject
Project("{FAE04EC0-301F-11D3-BF4B-00C04F79EFBC}") = "PhotonUnityNetworking.Utilities", "PhotonUnityNetworking.Utilities.csproj", "{7FD61635-6256-A5E2-5467-EC43B7A437FD}"
EndProject
Project("{FAE04EC0-301F-11D3-BF4B-00C04F79EFBC}") = "PhotonChat", "PhotonChat.csproj", "{B2329EC3-9EE9-9A14-43D2-8B987387ACD0}"
EndProject
Project("{FAE04EC0-301F-11D3-BF4B-00C04F79EFBC}") = "PhotonUnityNetworking.Editor", "PhotonUnityNetworking.Editor.csproj", "{5D35323C-487E-4729-1C00-416637E90863}"
EndProject
Project("{FAE04EC0-301F-11D3-BF4B-00C04F79EFBC}") = "PlayFabEditorExtensions", "PlayFabEditorExtensions.csproj", "{DC6C0418-40A8-5732-8F01-8994E733EDF5}"
EndProject
Project("{FAE04EC0-301F-11D3-BF4B-00C04F79EFBC}") = "PhotonUnityNetworking.Utilities.PhotonPlayer.Editor", "PhotonUnityNetworking.Utilities.PhotonPlayer.Editor.csproj", "{842031BB-FE4E-8427-306A-4E6FF2C9B11C}"
EndProject
Project("{FAE04EC0-301F-11D3-BF4B-00C04F79EFBC}") = "PunDemos.DemoSlotcarEditor", "PunDemos.DemoSlotcarEditor.csproj", "{F2EB234D-4EF6-6C19-0257-39811B474925}"
EndProject
Project("{FAE04EC0-301F-11D3-BF4B-00C04F79EFBC}") = "PhotonUnityNetworking.Utilities.Culling.Editor", "PhotonUnityNetworking.Utilities.Culling.Editor.csproj", "{84BCE425-7F76-CB3C-AA7E-A11A2ED9EB26}"
EndProject
Project("{FAE04EC0-301F-11D3-BF4B-00C04F79EFBC}") = "PunDemos.DemoHubEditor", "PunDemos.DemoHubEditor.csproj", "{04264A58-E08E-7DF7-DC5C-69B2100E3FDA}"
EndProject
Project("{FAE04EC0-301F-11D3-BF4B-00C04F79EFBC}") = "Assembly-CSharp-Editor", "Assembly-CSharp-Editor.csproj", "{A1C179A9-D0E5-1456-C787-2413BDA3C894}"
EndProject
Project("{FAE04EC0-301F-11D3-BF4B-00C04F79EFBC}") = "PlayFabSDKEditor", "PlayFabSDKEditor.csproj", "{47D3D7D5-C901-FBAE-55FD-12F8D81BCE96}"
EndProject
Global
	GlobalSection(SolutionConfigurationPlatforms) = preSolution
		Debug|Any CPU = Debug|Any CPU
		Release|Any CPU = Release|Any CPU
	EndGlobalSection
	GlobalSection(ProjectConfigurationPlatforms) = postSolution
		{6A8188E4-FED7-82E2-FA6B-75C57625567E}.Debug|Any CPU.ActiveCfg = Debug|Any CPU
		{6A8188E4-FED7-82E2-FA6B-75C57625567E}.Debug|Any CPU.Build.0 = Debug|Any CPU
		{6A8188E4-FED7-82E2-FA6B-75C57625567E}.Release|Any CPU.ActiveCfg = Release|Any CPU
		{6A8188E4-FED7-82E2-FA6B-75C57625567E}.Release|Any CPU.Build.0 = Release|Any CPU
		{338B5ED8-F54F-DC3D-1079-ABE3E200675F}.Debug|Any CPU.ActiveCfg = Debug|Any CPU
		{338B5ED8-F54F-DC3D-1079-ABE3E200675F}.Debug|Any CPU.Build.0 = Debug|Any CPU
		{338B5ED8-F54F-DC3D-1079-ABE3E200675F}.Release|Any CPU.ActiveCfg = Release|Any CPU
		{338B5ED8-F54F-DC3D-1079-ABE3E200675F}.Release|Any CPU.Build.0 = Release|Any CPU
		{DBB0F74E-34D0-8CD6-48A6-C272F3AA3320}.Debug|Any CPU.ActiveCfg = Debug|Any CPU
		{DBB0F74E-34D0-8CD6-48A6-C272F3AA3320}.Debug|Any CPU.Build.0 = Debug|Any CPU
		{DBB0F74E-34D0-8CD6-48A6-C272F3AA3320}.Release|Any CPU.ActiveCfg = Release|Any CPU
		{DBB0F74E-34D0-8CD6-48A6-C272F3AA3320}.Release|Any CPU.Build.0 = Release|Any CPU
		{BA9D6B2B-36E9-230E-EC89-2280DAA17434}.Debug|Any CPU.ActiveCfg = Debug|Any CPU
		{BA9D6B2B-36E9-230E-EC89-2280DAA17434}.Debug|Any CPU.Build.0 = Debug|Any CPU
		{BA9D6B2B-36E9-230E-EC89-2280DAA17434}.Release|Any CPU.ActiveCfg = Release|Any CPU
		{BA9D6B2B-36E9-230E-EC89-2280DAA17434}.Release|Any CPU.Build.0 = Release|Any CPU
		{96F10F9C-FF50-FB3C-1ACA-904252937F0E}.Debug|Any CPU.ActiveCfg = Debug|Any CPU
		{96F10F9C-FF50-FB3C-1ACA-904252937F0E}.Debug|Any CPU.Build.0 = Debug|Any CPU
		{96F10F9C-FF50-FB3C-1ACA-904252937F0E}.Release|Any CPU.ActiveCfg = Release|Any CPU
		{96F10F9C-FF50-FB3C-1ACA-904252937F0E}.Release|Any CPU.Build.0 = Release|Any CPU
		{7FD61635-6256-A5E2-5467-EC43B7A437FD}.Debug|Any CPU.ActiveCfg = Debug|Any CPU
		{7FD61635-6256-A5E2-5467-EC43B7A437FD}.Debug|Any CPU.Build.0 = Debug|Any CPU
		{7FD61635-6256-A5E2-5467-EC43B7A437FD}.Release|Any CPU.ActiveCfg = Release|Any CPU
		{7FD61635-6256-A5E2-5467-EC43B7A437FD}.Release|Any CPU.Build.0 = Release|Any CPU
		{B2329EC3-9EE9-9A14-43D2-8B987387ACD0}.Debug|Any CPU.ActiveCfg = Debug|Any CPU
		{B2329EC3-9EE9-9A14-43D2-8B987387ACD0}.Debug|Any CPU.Build.0 = Debug|Any CPU
		{B2329EC3-9EE9-9A14-43D2-8B987387ACD0}.Release|Any CPU.ActiveCfg = Release|Any CPU
		{B2329EC3-9EE9-9A14-43D2-8B987387ACD0}.Release|Any CPU.Build.0 = Release|Any CPU
		{5D35323C-487E-4729-1C00-416637E90863}.Debug|Any CPU.ActiveCfg = Debug|Any CPU
		{5D35323C-487E-4729-1C00-416637E90863}.Debug|Any CPU.Build.0 = Debug|Any CPU
		{5D35323C-487E-4729-1C00-416637E90863}.Release|Any CPU.ActiveCfg = Release|Any CPU
		{5D35323C-487E-4729-1C00-416637E90863}.Release|Any CPU.Build.0 = Release|Any CPU
		{DC6C0418-40A8-5732-8F01-8994E733EDF5}.Debug|Any CPU.ActiveCfg = Debug|Any CPU
		{DC6C0418-40A8-5732-8F01-8994E733EDF5}.Debug|Any CPU.Build.0 = Debug|Any CPU
		{DC6C0418-40A8-5732-8F01-8994E733EDF5}.Release|Any CPU.ActiveCfg = Release|Any CPU
		{DC6C0418-40A8-5732-8F01-8994E733EDF5}.Release|Any CPU.Build.0 = Release|Any CPU
		{842031BB-FE4E-8427-306A-4E6FF2C9B11C}.Debug|Any CPU.ActiveCfg = Debug|Any CPU
		{842031BB-FE4E-8427-306A-4E6FF2C9B11C}.Debug|Any CPU.Build.0 = Debug|Any CPU
		{842031BB-FE4E-8427-306A-4E6FF2C9B11C}.Release|Any CPU.ActiveCfg = Release|Any CPU
		{842031BB-FE4E-8427-306A-4E6FF2C9B11C}.Release|Any CPU.Build.0 = Release|Any CPU
		{F2EB234D-4EF6-6C19-0257-39811B474925}.Debug|Any CPU.ActiveCfg = Debug|Any CPU
		{F2EB234D-4EF6-6C19-0257-39811B474925}.Debug|Any CPU.Build.0 = Debug|Any CPU
		{F2EB234D-4EF6-6C19-0257-39811B474925}.Release|Any CPU.ActiveCfg = Release|Any CPU
		{F2EB234D-4EF6-6C19-0257-39811B474925}.Release|Any CPU.Build.0 = Release|Any CPU
		{84BCE425-7F76-CB3C-AA7E-A11A2ED9EB26}.Debug|Any CPU.ActiveCfg = Debug|Any CPU
		{84BCE425-7F76-CB3C-AA7E-A11A2ED9EB26}.Debug|Any CPU.Build.0 = Debug|Any CPU
		{84BCE425-7F76-CB3C-AA7E-A11A2ED9EB26}.Release|Any CPU.ActiveCfg = Release|Any CPU
		{84BCE425-7F76-CB3C-AA7E-A11A2ED9EB26}.Release|Any CPU.Build.0 = Release|Any CPU
		{04264A58-E08E-7DF7-DC5C-69B2100E3FDA}.Debug|Any CPU.ActiveCfg = Debug|Any CPU
		{04264A58-E08E-7DF7-DC5C-69B2100E3FDA}.Debug|Any CPU.Build.0 = Debug|Any CPU
		{04264A58-E08E-7DF7-DC5C-69B2100E3FDA}.Release|Any CPU.ActiveCfg = Release|Any CPU
		{04264A58-E08E-7DF7-DC5C-69B2100E3FDA}.Release|Any CPU.Build.0 = Release|Any CPU
		{A1C179A9-D0E5-1456-C787-2413BDA3C894}.Debug|Any CPU.ActiveCfg = Debug|Any CPU
		{A1C179A9-D0E5-1456-C787-2413BDA3C894}.Debug|Any CPU.Build.0 = Debug|Any CPU
		{A1C179A9-D0E5-1456-C787-2413BDA3C894}.Release|Any CPU.ActiveCfg = Release|Any CPU
		{A1C179A9-D0E5-1456-C787-2413BDA3C894}.Release|Any CPU.Build.0 = Release|Any CPU
		{47D3D7D5-C901-FBAE-55FD-12F8D81BCE96}.Debug|Any CPU.ActiveCfg = Debug|Any CPU
		{47D3D7D5-C901-FBAE-55FD-12F8D81BCE96}.Debug|Any CPU.Build.0 = Debug|Any CPU
		{47D3D7D5-C901-FBAE-55FD-12F8D81BCE96}.Release|Any CPU.ActiveCfg = Release|Any CPU
		{47D3D7D5-C901-FBAE-55FD-12F8D81BCE96}.Release|Any CPU.Build.0 = Release|Any CPU
	EndGlobalSection
	GlobalSection(SolutionProperties) = preSolution
		HideSolutionNode = FALSE
	EndGlobalSection
EndGlobal
